// !$*UTF8*$!
{
	archiveVersion = 1;
	classes = {
	};
	objectVersion = 46;
	objects = {

/* Begin PBXBuildFile section */
		27098D801D3CC1340021543E /* AppDelegate.swift in Sources */ = {isa = PBXBuildFile; fileRef = 27098D7F1D3CC1340021543E /* AppDelegate.swift */; };
		27098D851D3CC1340021543E /* Main.storyboard in Resources */ = {isa = PBXBuildFile; fileRef = 27098D831D3CC1340021543E /* Main.storyboard */; };
		27098D871D3CC1340021543E /* Assets.xcassets in Resources */ = {isa = PBXBuildFile; fileRef = 27098D861D3CC1340021543E /* Assets.xcassets */; };
		27098D8A1D3CC1340021543E /* LaunchScreen.storyboard in Resources */ = {isa = PBXBuildFile; fileRef = 27098D881D3CC1340021543E /* LaunchScreen.storyboard */; };
		27098D931D3CC2440021543E /* AchievementStoryboard.storyboard in Resources */ = {isa = PBXBuildFile; fileRef = 27098D911D3CC2440021543E /* AchievementStoryboard.storyboard */; };
		27098D971D3CC48D0021543E /* ScrollableGraphView.swift in Sources */ = {isa = PBXBuildFile; fileRef = 27098D961D3CC48D0021543E /* ScrollableGraphView.swift */; };
		27098D991D3CC5380021543E /* UserViewController.swift in Sources */ = {isa = PBXBuildFile; fileRef = 27098D981D3CC5380021543E /* UserViewController.swift */; };
		27098D9B1D3CCECD0021543E /* CurrentUser.swift in Sources */ = {isa = PBXBuildFile; fileRef = 27098D9A1D3CCECD0021543E /* CurrentUser.swift */; };
		27A078D21D3DC56A00AD264E /* lineRecordData.swift in Sources */ = {isa = PBXBuildFile; fileRef = 27A078D11D3DC56A00AD264E /* lineRecordData.swift */; };

		27CFB1661D3E7F6A001B7A9F /* line2CollectionViewCell.swift in Sources */ = {isa = PBXBuildFile; fileRef = 27CFB1641D3E7F6A001B7A9F /* line2CollectionViewCell.swift */; };
		27CFB1671D3E7F6A001B7A9F /* line2CollectionViewCell.xib in Resources */ = {isa = PBXBuildFile; fileRef = 27CFB1651D3E7F6A001B7A9F /* line2CollectionViewCell.xib */; };
		27CFB16A1D3E801E001B7A9F /* line3CollectionViewCell.swift in Sources */ = {isa = PBXBuildFile; fileRef = 27CFB1681D3E801E001B7A9F /* line3CollectionViewCell.swift */; };
		27CFB16B1D3E801E001B7A9F /* line3CollectionViewCell.xib in Resources */ = {isa = PBXBuildFile; fileRef = 27CFB1691D3E801E001B7A9F /* line3CollectionViewCell.xib */; };
		27CFB16E1D3E802F001B7A9F /* line4CollectionViewCell.swift in Sources */ = {isa = PBXBuildFile; fileRef = 27CFB16C1D3E802F001B7A9F /* line4CollectionViewCell.swift */; };
		27CFB16F1D3E802F001B7A9F /* line4CollectionViewCell.xib in Resources */ = {isa = PBXBuildFile; fileRef = 27CFB16D1D3E802F001B7A9F /* line4CollectionViewCell.xib */; };
		27DBCD391D3E69DC00720291 /* lineCollectionViewCell.swift in Sources */ = {isa = PBXBuildFile; fileRef = 27DBCD371D3E69DC00720291 /* lineCollectionViewCell.swift */; };
		27DBCD3A1D3E69DC00720291 /* lineCollectionViewCell.xib in Resources */ = {isa = PBXBuildFile; fileRef = 27DBCD381D3E69DC00720291 /* lineCollectionViewCell.xib */; };

		27EEFEC61D3D232C00F27F3D /* lineRecordCollectionViewCell.swift in Sources */ = {isa = PBXBuildFile; fileRef = 27EEFEC51D3D232C00F27F3D /* lineRecordCollectionViewCell.swift */; };
		6BA782D21D3F388C00024D30 /* PriceDetailThirdRowCollectionViewCell.swift in Sources */ = {isa = PBXBuildFile; fileRef = 6BA782D01D3F388C00024D30 /* PriceDetailThirdRowCollectionViewCell.swift */; };
		6BA782D31D3F388C00024D30 /* PriceDetailThirdRowCollectionViewCell.xib in Resources */ = {isa = PBXBuildFile; fileRef = 6BA782D11D3F388C00024D30 /* PriceDetailThirdRowCollectionViewCell.xib */; };

		6BB703DE1D3CDCFB00406E63 /* AchievementViewController.swift in Sources */ = {isa = PBXBuildFile; fileRef = 6BB703DD1D3CDCFB00406E63 /* AchievementViewController.swift */; };
		6BB703E11D3CDD4800406E63 /* AchievementTableViewCell.swift in Sources */ = {isa = PBXBuildFile; fileRef = 6BB703DF1D3CDD4800406E63 /* AchievementTableViewCell.swift */; };
		6BB703E21D3CDD4800406E63 /* AchievementTableViewCell.xib in Resources */ = {isa = PBXBuildFile; fileRef = 6BB703E01D3CDD4800406E63 /* AchievementTableViewCell.xib */; };
		6BB703E51D3CFCE800406E63 /* ArchievementListTableViewCell.swift in Sources */ = {isa = PBXBuildFile; fileRef = 6BB703E31D3CFCE800406E63 /* ArchievementListTableViewCell.swift */; };
		6BB703E61D3CFCE800406E63 /* ArchievementListTableViewCell.xib in Resources */ = {isa = PBXBuildFile; fileRef = 6BB703E41D3CFCE800406E63 /* ArchievementListTableViewCell.xib */; };
		6BB703E81D3DDFBB00406E63 /* GoalDetailViewController.swift in Sources */ = {isa = PBXBuildFile; fileRef = 6BB703E71D3DDFBB00406E63 /* GoalDetailViewController.swift */; };
		6BB703EA1D3DDFEA00406E63 /* PriceDetailViewController.swift in Sources */ = {isa = PBXBuildFile; fileRef = 6BB703E91D3DDFEA00406E63 /* PriceDetailViewController.swift */; };


		6BB703EE1D3E0BED00406E63 /* PriceDetailFirstRowTableViewCell.swift in Sources */ = {isa = PBXBuildFile; fileRef = 6BB703EC1D3E0BED00406E63 /* PriceDetailFirstRowTableViewCell.swift */; };
		6BB703EF1D3E0BED00406E63 /* PriceDetailFirstRowTableViewCell.xib in Resources */ = {isa = PBXBuildFile; fileRef = 6BB703ED1D3E0BED00406E63 /* PriceDetailFirstRowTableViewCell.xib */; };
		6BB703F31D3E10FF00406E63 /* PriceDetailSecondRowTableViewCell.swift in Sources */ = {isa = PBXBuildFile; fileRef = 6BB703F11D3E10FF00406E63 /* PriceDetailSecondRowTableViewCell.swift */; };
		6BB703F41D3E10FF00406E63 /* PriceDetailSecondRowTableViewCell.xib in Resources */ = {isa = PBXBuildFile; fileRef = 6BB703F21D3E10FF00406E63 /* PriceDetailSecondRowTableViewCell.xib */; };
		6BB703F71D3E133200406E63 /* PriceDetailSecondRowCollectionViewCell.swift in Sources */ = {isa = PBXBuildFile; fileRef = 6BB703F51D3E133200406E63 /* PriceDetailSecondRowCollectionViewCell.swift */; };
		6BB703F81D3E133200406E63 /* PriceDetailSecondRowCollectionViewCell.xib in Resources */ = {isa = PBXBuildFile; fileRef = 6BB703F61D3E133200406E63 /* PriceDetailSecondRowCollectionViewCell.xib */; };

		9095AD1C4ABDB94734ED86D7 /* Pods_IFitAC9.framework in Frameworks */ = {isa = PBXBuildFile; fileRef = 684C3786D551FB9F511C9AFC /* Pods_IFitAC9.framework */; };
/* End PBXBuildFile section */

/* Begin PBXFileReference section */
		0974A19EF0B744EDAE385DE1 /* Pods-IFitAC9.debug.xcconfig */ = {isa = PBXFileReference; includeInIndex = 1; lastKnownFileType = text.xcconfig; name = "Pods-IFitAC9.debug.xcconfig"; path = "Pods/Target Support Files/Pods-IFitAC9/Pods-IFitAC9.debug.xcconfig"; sourceTree = "<group>"; };
		27098D7C1D3CC1340021543E /* IFitAC9.app */ = {isa = PBXFileReference; explicitFileType = wrapper.application; includeInIndex = 0; path = IFitAC9.app; sourceTree = BUILT_PRODUCTS_DIR; };
		27098D7F1D3CC1340021543E /* AppDelegate.swift */ = {isa = PBXFileReference; lastKnownFileType = sourcecode.swift; path = AppDelegate.swift; sourceTree = "<group>"; };
		27098D841D3CC1340021543E /* Base */ = {isa = PBXFileReference; lastKnownFileType = file.storyboard; name = Base; path = Base.lproj/Main.storyboard; sourceTree = "<group>"; };
		27098D861D3CC1340021543E /* Assets.xcassets */ = {isa = PBXFileReference; lastKnownFileType = folder.assetcatalog; path = Assets.xcassets; sourceTree = "<group>"; };
		27098D891D3CC1340021543E /* Base */ = {isa = PBXFileReference; lastKnownFileType = file.storyboard; name = Base; path = Base.lproj/LaunchScreen.storyboard; sourceTree = "<group>"; };
		27098D8B1D3CC1340021543E /* Info.plist */ = {isa = PBXFileReference; lastKnownFileType = text.plist.xml; path = Info.plist; sourceTree = "<group>"; };
		27098D921D3CC2440021543E /* Base */ = {isa = PBXFileReference; lastKnownFileType = file.storyboard; name = Base; path = Base.lproj/AchievementStoryboard.storyboard; sourceTree = "<group>"; };
		27098D961D3CC48D0021543E /* ScrollableGraphView.swift */ = {isa = PBXFileReference; fileEncoding = 4; lastKnownFileType = sourcecode.swift; path = ScrollableGraphView.swift; sourceTree = "<group>"; };
		27098D981D3CC5380021543E /* UserViewController.swift */ = {isa = PBXFileReference; fileEncoding = 4; lastKnownFileType = sourcecode.swift; path = UserViewController.swift; sourceTree = "<group>"; };
		27098D9A1D3CCECD0021543E /* CurrentUser.swift */ = {isa = PBXFileReference; fileEncoding = 4; lastKnownFileType = sourcecode.swift; path = CurrentUser.swift; sourceTree = "<group>"; };
		27A078D11D3DC56A00AD264E /* lineRecordData.swift */ = {isa = PBXFileReference; fileEncoding = 4; lastKnownFileType = sourcecode.swift; path = lineRecordData.swift; sourceTree = "<group>"; };
		27CFB1641D3E7F6A001B7A9F /* line2CollectionViewCell.swift */ = {isa = PBXFileReference; fileEncoding = 4; lastKnownFileType = sourcecode.swift; path = line2CollectionViewCell.swift; sourceTree = "<group>"; };
		27CFB1651D3E7F6A001B7A9F /* line2CollectionViewCell.xib */ = {isa = PBXFileReference; fileEncoding = 4; lastKnownFileType = file.xib; path = line2CollectionViewCell.xib; sourceTree = "<group>"; };
		27CFB1681D3E801E001B7A9F /* line3CollectionViewCell.swift */ = {isa = PBXFileReference; fileEncoding = 4; lastKnownFileType = sourcecode.swift; path = line3CollectionViewCell.swift; sourceTree = "<group>"; };
		27CFB1691D3E801E001B7A9F /* line3CollectionViewCell.xib */ = {isa = PBXFileReference; fileEncoding = 4; lastKnownFileType = file.xib; path = line3CollectionViewCell.xib; sourceTree = "<group>"; };
		27CFB16C1D3E802F001B7A9F /* line4CollectionViewCell.swift */ = {isa = PBXFileReference; fileEncoding = 4; lastKnownFileType = sourcecode.swift; path = line4CollectionViewCell.swift; sourceTree = "<group>"; };
		27CFB16D1D3E802F001B7A9F /* line4CollectionViewCell.xib */ = {isa = PBXFileReference; fileEncoding = 4; lastKnownFileType = file.xib; path = line4CollectionViewCell.xib; sourceTree = "<group>"; };
		27DBCD371D3E69DC00720291 /* lineCollectionViewCell.swift */ = {isa = PBXFileReference; fileEncoding = 4; lastKnownFileType = sourcecode.swift; path = lineCollectionViewCell.swift; sourceTree = "<group>"; };
		27DBCD381D3E69DC00720291 /* lineCollectionViewCell.xib */ = {isa = PBXFileReference; fileEncoding = 4; lastKnownFileType = file.xib; path = lineCollectionViewCell.xib; sourceTree = "<group>"; };
		684C3786D551FB9F511C9AFC /* Pods_IFitAC9.framework */ = {isa = PBXFileReference; explicitFileType = wrapper.framework; includeInIndex = 0; path = Pods_IFitAC9.framework; sourceTree = BUILT_PRODUCTS_DIR; };
		6BA782D01D3F388C00024D30 /* PriceDetailThirdRowCollectionViewCell.swift */ = {isa = PBXFileReference; fileEncoding = 4; lastKnownFileType = sourcecode.swift; path = PriceDetailThirdRowCollectionViewCell.swift; sourceTree = "<group>"; };
		6BA782D11D3F388C00024D30 /* PriceDetailThirdRowCollectionViewCell.xib */ = {isa = PBXFileReference; fileEncoding = 4; lastKnownFileType = file.xib; path = PriceDetailThirdRowCollectionViewCell.xib; sourceTree = "<group>"; };
		6BB703DD1D3CDCFB00406E63 /* AchievementViewController.swift */ = {isa = PBXFileReference; fileEncoding = 4; lastKnownFileType = sourcecode.swift; path = AchievementViewController.swift; sourceTree = "<group>"; };
		6BB703DF1D3CDD4800406E63 /* AchievementTableViewCell.swift */ = {isa = PBXFileReference; fileEncoding = 4; lastKnownFileType = sourcecode.swift; path = AchievementTableViewCell.swift; sourceTree = "<group>"; };
		6BB703E01D3CDD4800406E63 /* AchievementTableViewCell.xib */ = {isa = PBXFileReference; fileEncoding = 4; lastKnownFileType = file.xib; path = AchievementTableViewCell.xib; sourceTree = "<group>"; };
		6BB703E31D3CFCE800406E63 /* ArchievementListTableViewCell.swift */ = {isa = PBXFileReference; fileEncoding = 4; lastKnownFileType = sourcecode.swift; path = ArchievementListTableViewCell.swift; sourceTree = "<group>"; };
		6BB703E41D3CFCE800406E63 /* ArchievementListTableViewCell.xib */ = {isa = PBXFileReference; fileEncoding = 4; lastKnownFileType = file.xib; path = ArchievementListTableViewCell.xib; sourceTree = "<group>"; };
		6BB703E71D3DDFBB00406E63 /* GoalDetailViewController.swift */ = {isa = PBXFileReference; fileEncoding = 4; lastKnownFileType = sourcecode.swift; path = GoalDetailViewController.swift; sourceTree = "<group>"; };
		6BB703E91D3DDFEA00406E63 /* PriceDetailViewController.swift */ = {isa = PBXFileReference; fileEncoding = 4; lastKnownFileType = sourcecode.swift; path = PriceDetailViewController.swift; sourceTree = "<group>"; };
		6BB703EC1D3E0BED00406E63 /* PriceDetailFirstRowTableViewCell.swift */ = {isa = PBXFileReference; fileEncoding = 4; lastKnownFileType = sourcecode.swift; path = PriceDetailFirstRowTableViewCell.swift; sourceTree = "<group>"; };
		6BB703ED1D3E0BED00406E63 /* PriceDetailFirstRowTableViewCell.xib */ = {isa = PBXFileReference; fileEncoding = 4; lastKnownFileType = file.xib; path = PriceDetailFirstRowTableViewCell.xib; sourceTree = "<group>"; };
		6BB703F11D3E10FF00406E63 /* PriceDetailSecondRowTableViewCell.swift */ = {isa = PBXFileReference; fileEncoding = 4; lastKnownFileType = sourcecode.swift; path = PriceDetailSecondRowTableViewCell.swift; sourceTree = "<group>"; };
		6BB703F21D3E10FF00406E63 /* PriceDetailSecondRowTableViewCell.xib */ = {isa = PBXFileReference; fileEncoding = 4; lastKnownFileType = file.xib; path = PriceDetailSecondRowTableViewCell.xib; sourceTree = "<group>"; };
		6BB703F51D3E133200406E63 /* PriceDetailSecondRowCollectionViewCell.swift */ = {isa = PBXFileReference; fileEncoding = 4; lastKnownFileType = sourcecode.swift; path = PriceDetailSecondRowCollectionViewCell.swift; sourceTree = "<group>"; };
		6BB703F61D3E133200406E63 /* PriceDetailSecondRowCollectionViewCell.xib */ = {isa = PBXFileReference; fileEncoding = 4; lastKnownFileType = file.xib; path = PriceDetailSecondRowCollectionViewCell.xib; sourceTree = "<group>"; };
		6DD7BA9DE5410810141BF984 /* Pods-IFitAC9.release.xcconfig */ = {isa = PBXFileReference; includeInIndex = 1; lastKnownFileType = text.xcconfig; name = "Pods-IFitAC9.release.xcconfig"; path = "Pods/Target Support Files/Pods-IFitAC9/Pods-IFitAC9.release.xcconfig"; sourceTree = "<group>"; };
/* End PBXFileReference section */

/* Begin PBXFrameworksBuildPhase section */
		27098D791D3CC1340021543E /* Frameworks */ = {
			isa = PBXFrameworksBuildPhase;
			buildActionMask = 2147483647;
			files = (
				9095AD1C4ABDB94734ED86D7 /* Pods_IFitAC9.framework in Frameworks */,
			);
			runOnlyForDeploymentPostprocessing = 0;
		};
/* End PBXFrameworksBuildPhase section */

/* Begin PBXGroup section */
		1DF9B8BC3E81150B64B6F6F5 /* Frameworks */ = {
			isa = PBXGroup;
			children = (
				684C3786D551FB9F511C9AFC /* Pods_IFitAC9.framework */,
			);
			name = Frameworks;
			sourceTree = "<group>";
		};
		27098D731D3CC1340021543E = {
			isa = PBXGroup;
			children = (
				27098D9C1D3CCED20021543E /* model */,
				27098D7E1D3CC1340021543E /* IFitAC9 */,
				27098D7D1D3CC1340021543E /* Products */,
				49A3DC4F7B148BBF0D0AC8AF /* Pods */,
				1DF9B8BC3E81150B64B6F6F5 /* Frameworks */,
			);
			sourceTree = "<group>";
		};
		27098D7D1D3CC1340021543E /* Products */ = {
			isa = PBXGroup;
			children = (
				27098D7C1D3CC1340021543E /* IFitAC9.app */,
			);
			name = Products;
			sourceTree = "<group>";
		};
		27098D7E1D3CC1340021543E /* IFitAC9 */ = {
			isa = PBXGroup;
			children = (
				27098D7F1D3CC1340021543E /* AppDelegate.swift */,
				27098D861D3CC1340021543E /* Assets.xcassets */,
				27098D8B1D3CC1340021543E /* Info.plist */,
				27098D881D3CC1340021543E /* LaunchScreen.storyboard */,
				27098D951D3CC3040021543E /* UserStoryboard */,
				27098D941D3CC2E40021543E /* AchievementStoryboard */,
				6BB703EB1D3DDFFF00406E63 /* ArchievementController */,
			);
			path = IFitAC9;
			sourceTree = "<group>";
		};
		27098D941D3CC2E40021543E /* AchievementStoryboard */ = {
			isa = PBXGroup;
			children = (
				27098D911D3CC2440021543E /* AchievementStoryboard.storyboard */,
			);
			name = AchievementStoryboard;
			sourceTree = "<group>";
		};
		27098D951D3CC3040021543E /* UserStoryboard */ = {
			isa = PBXGroup;
			children = (
				27098D831D3CC1340021543E /* Main.storyboard */,
				27098D981D3CC5380021543E /* UserViewController.swift */,
				27098D961D3CC48D0021543E /* ScrollableGraphView.swift */,
				27DBCD361D3E61B800720291 /* Cell */,
			);
			name = UserStoryboard;
			sourceTree = "<group>";
		};
		27098D9C1D3CCED20021543E /* model */ = {
			isa = PBXGroup;
			children = (
				27098D9A1D3CCECD0021543E /* CurrentUser.swift */,
				27A078D11D3DC56A00AD264E /* lineRecordData.swift */,
			);
			name = model;
			path = IFitAC9;
			sourceTree = "<group>";
		};
		27DBCD361D3E61B800720291 /* Cell */ = {
			isa = PBXGroup;
			children = (
				27DBCD371D3E69DC00720291 /* lineCollectionViewCell.swift */,
				27DBCD381D3E69DC00720291 /* lineCollectionViewCell.xib */,
				27CFB1641D3E7F6A001B7A9F /* line2CollectionViewCell.swift */,
				27CFB1651D3E7F6A001B7A9F /* line2CollectionViewCell.xib */,
				27CFB1681D3E801E001B7A9F /* line3CollectionViewCell.swift */,
				27CFB1691D3E801E001B7A9F /* line3CollectionViewCell.xib */,
				27CFB16C1D3E802F001B7A9F /* line4CollectionViewCell.swift */,
				27CFB16D1D3E802F001B7A9F /* line4CollectionViewCell.xib */,
			);
			name = Cell;
			sourceTree = "<group>";
		};
		49A3DC4F7B148BBF0D0AC8AF /* Pods */ = {
			isa = PBXGroup;
			children = (
				0974A19EF0B744EDAE385DE1 /* Pods-IFitAC9.debug.xcconfig */,
				6DD7BA9DE5410810141BF984 /* Pods-IFitAC9.release.xcconfig */,
			);
			name = Pods;
			sourceTree = "<group>";
		};
		6BA782D41D3F3A2300024D30 /* ThirdRow */ = {
			isa = PBXGroup;
			children = (
				6BA782D11D3F388C00024D30 /* PriceDetailThirdRowCollectionViewCell.xib */,
				6BA782D01D3F388C00024D30 /* PriceDetailThirdRowCollectionViewCell.swift */,
			);
			name = ThirdRow;
			sourceTree = "<group>";
		};
		6BB703EB1D3DDFFF00406E63 /* ArchievementController */ = {
			isa = PBXGroup;
			children = (
				6BB703DD1D3CDCFB00406E63 /* AchievementViewController.swift */,
				6BB703F01D3E0BF200406E63 /* PriceDetail */,
				6BB703E71D3DDFBB00406E63 /* GoalDetailViewController.swift */,
				6BB703DF1D3CDD4800406E63 /* AchievementTableViewCell.swift */,
				6BB703E01D3CDD4800406E63 /* AchievementTableViewCell.xib */,
				6BB703E31D3CFCE800406E63 /* ArchievementListTableViewCell.swift */,
				6BB703E41D3CFCE800406E63 /* ArchievementListTableViewCell.xib */,
			);
			name = ArchievementController;
			sourceTree = "<group>";
		};
		6BB703F01D3E0BF200406E63 /* PriceDetail */ = {
			isa = PBXGroup;
			children = (
				6BB703E91D3DDFEA00406E63 /* PriceDetailViewController.swift */,
				6BB703EC1D3E0BED00406E63 /* PriceDetailFirstRowTableViewCell.swift */,
				6BB703ED1D3E0BED00406E63 /* PriceDetailFirstRowTableViewCell.xib */,
				6BB703F91D3E133A00406E63 /* SecondRow */,
				6BA782D41D3F3A2300024D30 /* ThirdRow */,
			);
			name = PriceDetail;
			sourceTree = "<group>";
		};
		6BB703F91D3E133A00406E63 /* SecondRow */ = {
			isa = PBXGroup;
			children = (
				6BB703F11D3E10FF00406E63 /* PriceDetailSecondRowTableViewCell.swift */,
				6BB703F21D3E10FF00406E63 /* PriceDetailSecondRowTableViewCell.xib */,
				6BB703F51D3E133200406E63 /* PriceDetailSecondRowCollectionViewCell.swift */,
				6BB703F61D3E133200406E63 /* PriceDetailSecondRowCollectionViewCell.xib */,
			);
			name = SecondRow;
			sourceTree = "<group>";
		};
/* End PBXGroup section */

/* Begin PBXNativeTarget section */
		27098D7B1D3CC1340021543E /* IFitAC9 */ = {
			isa = PBXNativeTarget;
			buildConfigurationList = 27098D8E1D3CC1340021543E /* Build configuration list for PBXNativeTarget "IFitAC9" */;
			buildPhases = (
				9A043438B515E9BF14426F9C /* [CP] Check Pods Manifest.lock */,
				27098D781D3CC1340021543E /* Sources */,
				27098D791D3CC1340021543E /* Frameworks */,
				27098D7A1D3CC1340021543E /* Resources */,
				C2BA7C5B18AF4FC819B347B1 /* [CP] Embed Pods Frameworks */,
				0244CB3C571149926FFC25F7 /* [CP] Copy Pods Resources */,
			);
			buildRules = (
			);
			dependencies = (
			);
			name = IFitAC9;
			productName = IFitAC9;
			productReference = 27098D7C1D3CC1340021543E /* IFitAC9.app */;
			productType = "com.apple.product-type.application";
		};
/* End PBXNativeTarget section */

/* Begin PBXProject section */
		27098D741D3CC1340021543E /* Project object */ = {
			isa = PBXProject;
			attributes = {
				LastSwiftUpdateCheck = 0730;
				LastUpgradeCheck = 0730;
				ORGANIZATIONNAME = Alphacamp;
				TargetAttributes = {
					27098D7B1D3CC1340021543E = {
						CreatedOnToolsVersion = 7.3.1;
						DevelopmentTeam = 8H7X36TF25;
					};
				};
			};
			buildConfigurationList = 27098D771D3CC1340021543E /* Build configuration list for PBXProject "IFitAC9" */;
			compatibilityVersion = "Xcode 3.2";
			developmentRegion = English;
			hasScannedForEncodings = 0;
			knownRegions = (
				en,
				Base,
			);
			mainGroup = 27098D731D3CC1340021543E;
			productRefGroup = 27098D7D1D3CC1340021543E /* Products */;
			projectDirPath = "";
			projectRoot = "";
			targets = (
				27098D7B1D3CC1340021543E /* IFitAC9 */,
			);
		};
/* End PBXProject section */

/* Begin PBXResourcesBuildPhase section */
		27098D7A1D3CC1340021543E /* Resources */ = {
			isa = PBXResourcesBuildPhase;
			buildActionMask = 2147483647;
			files = (
				6BB703E61D3CFCE800406E63 /* ArchievementListTableViewCell.xib in Resources */,
				27CFB16B1D3E801E001B7A9F /* line3CollectionViewCell.xib in Resources */,
				27098D8A1D3CC1340021543E /* LaunchScreen.storyboard in Resources */,

				27DBCD3A1D3E69DC00720291 /* lineCollectionViewCell.xib in Resources */,
				6BB703E21D3CDD4800406E63 /* AchievementTableViewCell.xib in Resources */,
				27CFB16F1D3E802F001B7A9F /* line4CollectionViewCell.xib in Resources */,

				6BB703F81D3E133200406E63 /* PriceDetailSecondRowCollectionViewCell.xib in Resources */,
				6BB703E21D3CDD4800406E63 /* AchievementTableViewCell.xib in Resources */,
				6BA782D31D3F388C00024D30 /* PriceDetailThirdRowCollectionViewCell.xib in Resources */,
				6BB703F41D3E10FF00406E63 /* PriceDetailSecondRowTableViewCell.xib in Resources */,
				6BB703EF1D3E0BED00406E63 /* PriceDetailFirstRowTableViewCell.xib in Resources */,

				27098D871D3CC1340021543E /* Assets.xcassets in Resources */,
				27CFB1671D3E7F6A001B7A9F /* line2CollectionViewCell.xib in Resources */,
				27098D931D3CC2440021543E /* AchievementStoryboard.storyboard in Resources */,
				27098D851D3CC1340021543E /* Main.storyboard in Resources */,
			);
			runOnlyForDeploymentPostprocessing = 0;
		};
/* End PBXResourcesBuildPhase section */

/* Begin PBXShellScriptBuildPhase section */
		0244CB3C571149926FFC25F7 /* [CP] Copy Pods Resources */ = {
			isa = PBXShellScriptBuildPhase;
			buildActionMask = 2147483647;
			files = (
			);
			inputPaths = (
			);
			name = "[CP] Copy Pods Resources";
			outputPaths = (
			);
			runOnlyForDeploymentPostprocessing = 0;
			shellPath = /bin/sh;
			shellScript = "\"${SRCROOT}/Pods/Target Support Files/Pods-IFitAC9/Pods-IFitAC9-resources.sh\"\n";
			showEnvVarsInLog = 0;
		};
		9A043438B515E9BF14426F9C /* [CP] Check Pods Manifest.lock */ = {
			isa = PBXShellScriptBuildPhase;
			buildActionMask = 2147483647;
			files = (
			);
			inputPaths = (
			);
			name = "[CP] Check Pods Manifest.lock";
			outputPaths = (
			);
			runOnlyForDeploymentPostprocessing = 0;
			shellPath = /bin/sh;
			shellScript = "diff \"${PODS_ROOT}/../Podfile.lock\" \"${PODS_ROOT}/Manifest.lock\" > /dev/null\nif [[ $? != 0 ]] ; then\n    cat << EOM\nerror: The sandbox is not in sync with the Podfile.lock. Run 'pod install' or update your CocoaPods installation.\nEOM\n    exit 1\nfi\n";
			showEnvVarsInLog = 0;
		};
		C2BA7C5B18AF4FC819B347B1 /* [CP] Embed Pods Frameworks */ = {
			isa = PBXShellScriptBuildPhase;
			buildActionMask = 2147483647;
			files = (
			);
			inputPaths = (
			);
			name = "[CP] Embed Pods Frameworks";
			outputPaths = (
			);
			runOnlyForDeploymentPostprocessing = 0;
			shellPath = /bin/sh;
			shellScript = "\"${SRCROOT}/Pods/Target Support Files/Pods-IFitAC9/Pods-IFitAC9-frameworks.sh\"\n";
			showEnvVarsInLog = 0;
		};
/* End PBXShellScriptBuildPhase section */

/* Begin PBXSourcesBuildPhase section */
		27098D781D3CC1340021543E /* Sources */ = {
			isa = PBXSourcesBuildPhase;
			buildActionMask = 2147483647;
			files = (
				6BB703E51D3CFCE800406E63 /* ArchievementListTableViewCell.swift in Sources */,
				27CFB16E1D3E802F001B7A9F /* line4CollectionViewCell.swift in Sources */,
				27098D991D3CC5380021543E /* UserViewController.swift in Sources */,


				6BB703EE1D3E0BED00406E63 /* PriceDetailFirstRowTableViewCell.swift in Sources */,
				27EEFEC61D3D232C00F27F3D /* lineRecordCollectionViewCell.swift in Sources */,
				6BB703F71D3E133200406E63 /* PriceDetailSecondRowCollectionViewCell.swift in Sources */,

				27A078D21D3DC56A00AD264E /* lineRecordData.swift in Sources */,
				27098D971D3CC48D0021543E /* ScrollableGraphView.swift in Sources */,
				27DBCD391D3E69DC00720291 /* lineCollectionViewCell.swift in Sources */,
				27098D9B1D3CCECD0021543E /* CurrentUser.swift in Sources */,
				6BB703E11D3CDD4800406E63 /* AchievementTableViewCell.swift in Sources */,
				6BB703EA1D3DDFEA00406E63 /* PriceDetailViewController.swift in Sources */,
				27098D801D3CC1340021543E /* AppDelegate.swift in Sources */,
				27CFB16A1D3E801E001B7A9F /* line3CollectionViewCell.swift in Sources */,
				27CFB1661D3E7F6A001B7A9F /* line2CollectionViewCell.swift in Sources */,
				6BB703E81D3DDFBB00406E63 /* GoalDetailViewController.swift in Sources */,
				6BA782D21D3F388C00024D30 /* PriceDetailThirdRowCollectionViewCell.swift in Sources */,
				6BB703DE1D3CDCFB00406E63 /* AchievementViewController.swift in Sources */,
				6BB703F31D3E10FF00406E63 /* PriceDetailSecondRowTableViewCell.swift in Sources */,
			);
			runOnlyForDeploymentPostprocessing = 0;
		};
/* End PBXSourcesBuildPhase section */

/* Begin PBXVariantGroup section */
		27098D831D3CC1340021543E /* Main.storyboard */ = {
			isa = PBXVariantGroup;
			children = (
				27098D841D3CC1340021543E /* Base */,
			);
			name = Main.storyboard;
			sourceTree = "<group>";
		};
		27098D881D3CC1340021543E /* LaunchScreen.storyboard */ = {
			isa = PBXVariantGroup;
			children = (
				27098D891D3CC1340021543E /* Base */,
			);
			name = LaunchScreen.storyboard;
			sourceTree = "<group>";
		};
		27098D911D3CC2440021543E /* AchievementStoryboard.storyboard */ = {
			isa = PBXVariantGroup;
			children = (
				27098D921D3CC2440021543E /* Base */,
			);
			name = AchievementStoryboard.storyboard;
			sourceTree = "<group>";
		};
/* End PBXVariantGroup section */

/* Begin XCBuildConfiguration section */
		27098D8C1D3CC1340021543E /* Debug */ = {
			isa = XCBuildConfiguration;
			buildSettings = {
				ALWAYS_SEARCH_USER_PATHS = NO;
				CLANG_ANALYZER_NONNULL = YES;
				CLANG_CXX_LANGUAGE_STANDARD = "gnu++0x";
				CLANG_CXX_LIBRARY = "libc++";
				CLANG_ENABLE_MODULES = YES;
				CLANG_ENABLE_OBJC_ARC = YES;
				CLANG_WARN_BOOL_CONVERSION = YES;
				CLANG_WARN_CONSTANT_CONVERSION = YES;
				CLANG_WARN_DIRECT_OBJC_ISA_USAGE = YES_ERROR;
				CLANG_WARN_EMPTY_BODY = YES;
				CLANG_WARN_ENUM_CONVERSION = YES;
				CLANG_WARN_INT_CONVERSION = YES;
				CLANG_WARN_OBJC_ROOT_CLASS = YES_ERROR;
				CLANG_WARN_UNREACHABLE_CODE = YES;
				CLANG_WARN__DUPLICATE_METHOD_MATCH = YES;
				"CODE_SIGN_IDENTITY[sdk=iphoneos*]" = "iPhone Developer";
				COPY_PHASE_STRIP = NO;
				DEBUG_INFORMATION_FORMAT = dwarf;
				ENABLE_STRICT_OBJC_MSGSEND = YES;
				ENABLE_TESTABILITY = YES;
				GCC_C_LANGUAGE_STANDARD = gnu99;
				GCC_DYNAMIC_NO_PIC = NO;
				GCC_NO_COMMON_BLOCKS = YES;
				GCC_OPTIMIZATION_LEVEL = 0;
				GCC_PREPROCESSOR_DEFINITIONS = (
					"DEBUG=1",
					"$(inherited)",
				);
				GCC_WARN_64_TO_32_BIT_CONVERSION = YES;
				GCC_WARN_ABOUT_RETURN_TYPE = YES_ERROR;
				GCC_WARN_UNDECLARED_SELECTOR = YES;
				GCC_WARN_UNINITIALIZED_AUTOS = YES_AGGRESSIVE;
				GCC_WARN_UNUSED_FUNCTION = YES;
				GCC_WARN_UNUSED_VARIABLE = YES;
				IPHONEOS_DEPLOYMENT_TARGET = 9.3;
				MTL_ENABLE_DEBUG_INFO = YES;
				ONLY_ACTIVE_ARCH = YES;
				SDKROOT = iphoneos;
				SWIFT_OPTIMIZATION_LEVEL = "-Onone";
			};
			name = Debug;
		};
		27098D8D1D3CC1340021543E /* Release */ = {
			isa = XCBuildConfiguration;
			buildSettings = {
				ALWAYS_SEARCH_USER_PATHS = NO;
				CLANG_ANALYZER_NONNULL = YES;
				CLANG_CXX_LANGUAGE_STANDARD = "gnu++0x";
				CLANG_CXX_LIBRARY = "libc++";
				CLANG_ENABLE_MODULES = YES;
				CLANG_ENABLE_OBJC_ARC = YES;
				CLANG_WARN_BOOL_CONVERSION = YES;
				CLANG_WARN_CONSTANT_CONVERSION = YES;
				CLANG_WARN_DIRECT_OBJC_ISA_USAGE = YES_ERROR;
				CLANG_WARN_EMPTY_BODY = YES;
				CLANG_WARN_ENUM_CONVERSION = YES;
				CLANG_WARN_INT_CONVERSION = YES;
				CLANG_WARN_OBJC_ROOT_CLASS = YES_ERROR;
				CLANG_WARN_UNREACHABLE_CODE = YES;
				CLANG_WARN__DUPLICATE_METHOD_MATCH = YES;
				"CODE_SIGN_IDENTITY[sdk=iphoneos*]" = "iPhone Developer";
				COPY_PHASE_STRIP = NO;
				DEBUG_INFORMATION_FORMAT = "dwarf-with-dsym";
				ENABLE_NS_ASSERTIONS = NO;
				ENABLE_STRICT_OBJC_MSGSEND = YES;
				GCC_C_LANGUAGE_STANDARD = gnu99;
				GCC_NO_COMMON_BLOCKS = YES;
				GCC_WARN_64_TO_32_BIT_CONVERSION = YES;
				GCC_WARN_ABOUT_RETURN_TYPE = YES_ERROR;
				GCC_WARN_UNDECLARED_SELECTOR = YES;
				GCC_WARN_UNINITIALIZED_AUTOS = YES_AGGRESSIVE;
				GCC_WARN_UNUSED_FUNCTION = YES;
				GCC_WARN_UNUSED_VARIABLE = YES;
				IPHONEOS_DEPLOYMENT_TARGET = 9.3;
				MTL_ENABLE_DEBUG_INFO = NO;
				SDKROOT = iphoneos;
				VALIDATE_PRODUCT = YES;
			};
			name = Release;
		};
		27098D8F1D3CC1340021543E /* Debug */ = {
			isa = XCBuildConfiguration;
			baseConfigurationReference = 0974A19EF0B744EDAE385DE1 /* Pods-IFitAC9.debug.xcconfig */;
			buildSettings = {
				ASSETCATALOG_COMPILER_APPICON_NAME = AppIcon;
				CODE_SIGN_IDENTITY = "iPhone Developer";
				"CODE_SIGN_IDENTITY[sdk=iphoneos*]" = "iPhone Developer";
				INFOPLIST_FILE = IFitAC9/Info.plist;
				LD_RUNPATH_SEARCH_PATHS = "$(inherited) @executable_path/Frameworks";
				PRODUCT_BUNDLE_IDENTIFIER = co.Alphacamp.IFitAC9;
				PRODUCT_NAME = "$(TARGET_NAME)";
				PROVISIONING_PROFILE = "";
			};
			name = Debug;
		};
		27098D901D3CC1340021543E /* Release */ = {
			isa = XCBuildConfiguration;
			baseConfigurationReference = 6DD7BA9DE5410810141BF984 /* Pods-IFitAC9.release.xcconfig */;
			buildSettings = {
				ASSETCATALOG_COMPILER_APPICON_NAME = AppIcon;
				CODE_SIGN_IDENTITY = "iPhone Developer";
				"CODE_SIGN_IDENTITY[sdk=iphoneos*]" = "iPhone Developer";
				INFOPLIST_FILE = IFitAC9/Info.plist;
				LD_RUNPATH_SEARCH_PATHS = "$(inherited) @executable_path/Frameworks";
				PRODUCT_BUNDLE_IDENTIFIER = co.Alphacamp.IFitAC9;
				PRODUCT_NAME = "$(TARGET_NAME)";
				PROVISIONING_PROFILE = "";
			};
			name = Release;
		};
/* End XCBuildConfiguration section */

/* Begin XCConfigurationList section */
		27098D771D3CC1340021543E /* Build configuration list for PBXProject "IFitAC9" */ = {
			isa = XCConfigurationList;
			buildConfigurations = (
				27098D8C1D3CC1340021543E /* Debug */,
				27098D8D1D3CC1340021543E /* Release */,
			);
			defaultConfigurationIsVisible = 0;
			defaultConfigurationName = Release;
		};
		27098D8E1D3CC1340021543E /* Build configuration list for PBXNativeTarget "IFitAC9" */ = {
			isa = XCConfigurationList;
			buildConfigurations = (
				27098D8F1D3CC1340021543E /* Debug */,
				27098D901D3CC1340021543E /* Release */,
			);
			defaultConfigurationIsVisible = 0;
			defaultConfigurationName = Release;
		};
/* End XCConfigurationList section */
	};
	rootObject = 27098D741D3CC1340021543E /* Project object */;
}
